{
	"name": "@notifi-network/notifi-react-hooks",
	"version": "0.12.0",
	"lockfileVersion": 2,
	"requires": true,
	"packages": {
		"": {
			"name": "@notifi-network/notifi-react-hooks",
			"version": "0.11.0",
			"license": "MIT",
			"dependencies": {
				"axios": "^0.26.0",
				"localforage": "^1.10.0",
				"typedoc-plugin-missing-exports": "^0.22.6",
				"typescript": "^4.5.5"
			},
			"devDependencies": {
				"@types/node": "^17.0.21",
				"@types/react": "^17.0.39"
			},
			"peerDependencies": {
				"react": "^17.0.2",
				"react-dom": "^17.0.2"
			}
		},
		"node_modules/@types/node": {
			"version": "17.0.23",
			"resolved": "https://registry.npmjs.org/@types/node/-/node-17.0.23.tgz",
			"integrity": "sha512-UxDxWn7dl97rKVeVS61vErvw086aCYhDLyvRQZ5Rk65rZKepaFdm53GeqXaKBuOhED4e9uWq34IC3TdSdJJ2Gw==",
			"dev": true
		},
		"node_modules/@types/prop-types": {
			"version": "15.7.4",
			"resolved": "https://registry.npmjs.org/@types/prop-types/-/prop-types-15.7.4.tgz",
			"integrity": "sha512-rZ5drC/jWjrArrS8BR6SIr4cWpW09RNTYt9AMZo3Jwwif+iacXAqgVjm0B0Bv/S1jhDXKHqRVNCbACkJ89RAnQ==",
			"dev": true
		},
		"node_modules/@types/react": {
			"version": "17.0.43",
			"resolved": "https://registry.npmjs.org/@types/react/-/react-17.0.43.tgz",
			"integrity": "sha512-8Q+LNpdxf057brvPu1lMtC5Vn7J119xrP1aq4qiaefNioQUYANF/CYeK4NsKorSZyUGJ66g0IM+4bbjwx45o2A==",
			"dev": true,
			"dependencies": {
				"@types/prop-types": "*",
				"@types/scheduler": "*",
				"csstype": "^3.0.2"
			}
		},
		"node_modules/@types/scheduler": {
			"version": "0.16.2",
			"resolved": "https://registry.npmjs.org/@types/scheduler/-/scheduler-0.16.2.tgz",
			"integrity": "sha512-hppQEBDmlwhFAXKJX2KnWLYu5yMfi91yazPb2l+lbJiwW+wdo1gNeRA+3RgNSO39WYX2euey41KEwnqesU2Jew==",
			"dev": true
		},
		"node_modules/axios": {
			"version": "0.26.1",
			"resolved": "https://registry.npmjs.org/axios/-/axios-0.26.1.tgz",
			"integrity": "sha512-fPwcX4EvnSHuInCMItEhAGnaSEXRBjtzh9fOtsE6E1G6p7vl7edEeZe11QHf18+6+9gR5PbKV/sGKNaD8YaMeA==",
			"dependencies": {
				"follow-redirects": "^1.14.8"
			}
		},
		"node_modules/csstype": {
			"version": "3.0.11",
			"resolved": "https://registry.npmjs.org/csstype/-/csstype-3.0.11.tgz",
			"integrity": "sha512-sa6P2wJ+CAbgyy4KFssIb/JNMLxFvKF1pCYCSXS8ZMuqZnMsrxqI2E5sPyoTpxoPU/gVZMzr2zjOfg8GIZOMsw==",
			"dev": true
		},
		"node_modules/follow-redirects": {
			"version": "1.14.9",
			"resolved": "https://registry.npmjs.org/follow-redirects/-/follow-redirects-1.14.9.tgz",
			"integrity": "sha512-MQDfihBQYMcyy5dhRDJUHcw7lb2Pv/TuE6xP1vyraLukNDHKbDxDNaOE3NbCAdKQApno+GPRyo1YAp89yCjK4w==",
			"funding": [
				{
					"type": "individual",
					"url": "https://github.com/sponsors/RubenVerborgh"
				}
			],
			"engines": {
				"node": ">=4.0"
			},
			"peerDependenciesMeta": {
				"debug": {
					"optional": true
				}
			}
		},
		"node_modules/immediate": {
			"version": "3.0.6",
			"resolved": "https://registry.npmjs.org/immediate/-/immediate-3.0.6.tgz",
			"integrity": "sha1-nbHb0Pr43m++D13V5Wu2BigN5ps="
		},
		"node_modules/js-tokens": {
			"version": "4.0.0",
			"resolved": "https://registry.npmjs.org/js-tokens/-/js-tokens-4.0.0.tgz",
			"integrity": "sha512-RdJUflcE3cUzKiMqQgsCu06FPu9UdIJO0beYbPhHN4k6apgJtifcoCtT9bcxOpYBtpD2kCM6Sbzg4CausW/PKQ==",
			"peer": true
		},
		"node_modules/lie": {
			"version": "3.1.1",
			"resolved": "https://registry.npmjs.org/lie/-/lie-3.1.1.tgz",
			"integrity": "sha1-mkNrLMd0bKWd56QfpGmz77dr2H4=",
			"dependencies": {
				"immediate": "~3.0.5"
			}
		},
		"node_modules/localforage": {
			"version": "1.10.0",
			"resolved": "https://registry.npmjs.org/localforage/-/localforage-1.10.0.tgz",
			"integrity": "sha512-14/H1aX7hzBBmmh7sGPd+AOMkkIrHM3Z1PAyGgZigA1H1p5O5ANnMyWzvpAETtG68/dC4pC0ncy3+PPGzXZHPg==",
			"dependencies": {
				"lie": "3.1.1"
			}
		},
		"node_modules/loose-envify": {
			"version": "1.4.0",
			"resolved": "https://registry.npmjs.org/loose-envify/-/loose-envify-1.4.0.tgz",
			"integrity": "sha512-lyuxPGr/Wfhrlem2CL/UcnUc1zcqKAImBDzukY7Y5F/yQiNdko6+fRLevlw1HgMySw7f611UIY408EtxRSoK3Q==",
			"peer": true,
			"dependencies": {
				"js-tokens": "^3.0.0 || ^4.0.0"
			},
			"bin": {
				"loose-envify": "cli.js"
			}
		},
		"node_modules/object-assign": {
			"version": "4.1.1",
			"resolved": "https://registry.npmjs.org/object-assign/-/object-assign-4.1.1.tgz",
			"integrity": "sha1-IQmtx5ZYh8/AXLvUQsrIv7s2CGM=",
			"peer": true,
			"engines": {
				"node": ">=0.10.0"
			}
		},
		"node_modules/react": {
			"version": "17.0.2",
			"resolved": "https://registry.npmjs.org/react/-/react-17.0.2.tgz",
			"integrity": "sha512-gnhPt75i/dq/z3/6q/0asP78D0u592D5L1pd7M8P+dck6Fu/jJeL6iVVK23fptSUZj8Vjf++7wXA8UNclGQcbA==",
			"peer": true,
			"dependencies": {
				"loose-envify": "^1.1.0",
				"object-assign": "^4.1.1"
			},
			"engines": {
				"node": ">=0.10.0"
			}
		},
		"node_modules/react-dom": {
			"version": "17.0.2",
			"resolved": "https://registry.npmjs.org/react-dom/-/react-dom-17.0.2.tgz",
			"integrity": "sha512-s4h96KtLDUQlsENhMn1ar8t2bEa+q/YAtj8pPPdIjPDGBDIVNsrD9aXNWqspUe6AzKCIG0C1HZZLqLV7qpOBGA==",
			"peer": true,
			"dependencies": {
				"loose-envify": "^1.1.0",
				"object-assign": "^4.1.1",
				"scheduler": "^0.20.2"
			},
			"peerDependencies": {
				"react": "17.0.2"
			}
		},
		"node_modules/scheduler": {
			"version": "0.20.2",
			"resolved": "https://registry.npmjs.org/scheduler/-/scheduler-0.20.2.tgz",
			"integrity": "sha512-2eWfGgAqqWFGqtdMmcL5zCMK1U8KlXv8SQFGglL3CEtd0aDVDWgeF/YoCmvln55m5zSk3J/20hTaSBeSObsQDQ==",
			"peer": true,
			"dependencies": {
				"loose-envify": "^1.1.0",
				"object-assign": "^4.1.1"
			}
		},
		"node_modules/typedoc-plugin-missing-exports": {
			"version": "0.22.6",
			"resolved": "https://registry.npmjs.org/typedoc-plugin-missing-exports/-/typedoc-plugin-missing-exports-0.22.6.tgz",
			"integrity": "sha512-1uguGQqa+c5f33nWS3v1mm0uAx4Ii1lw4Kx2zQksmYFKNEWTmrmMXbMNBoBg4wu0p4dFCNC7JIWPoRzpNS6pFA==",
			"peerDependencies": {
				"typedoc": "0.22.x"
			}
		},
		"node_modules/typescript": {
			"version": "4.6.3",
			"resolved": "https://registry.npmjs.org/typescript/-/typescript-4.6.3.tgz",
			"integrity": "sha512-yNIatDa5iaofVozS/uQJEl3JRWLKKGJKh6Yaiv0GLGSuhpFJe7P3SbHZ8/yjAHRQwKRoA6YZqlfjXWmVzoVSMw==",
			"bin": {
				"tsc": "bin/tsc",
				"tsserver": "bin/tsserver"
			},
			"engines": {
				"node": ">=4.2.0"
			}
		}
	},
	"dependencies": {
		"@types/node": {
			"version": "17.0.23",
			"resolved": "https://registry.npmjs.org/@types/node/-/node-17.0.23.tgz",
			"integrity": "sha512-UxDxWn7dl97rKVeVS61vErvw086aCYhDLyvRQZ5Rk65rZKepaFdm53GeqXaKBuOhED4e9uWq34IC3TdSdJJ2Gw==",
			"dev": true
		},
		"@types/prop-types": {
			"version": "15.7.4",
			"resolved": "https://registry.npmjs.org/@types/prop-types/-/prop-types-15.7.4.tgz",
			"integrity": "sha512-rZ5drC/jWjrArrS8BR6SIr4cWpW09RNTYt9AMZo3Jwwif+iacXAqgVjm0B0Bv/S1jhDXKHqRVNCbACkJ89RAnQ==",
			"dev": true
		},
		"@types/react": {
			"version": "17.0.43",
			"resolved": "https://registry.npmjs.org/@types/react/-/react-17.0.43.tgz",
			"integrity": "sha512-8Q+LNpdxf057brvPu1lMtC5Vn7J119xrP1aq4qiaefNioQUYANF/CYeK4NsKorSZyUGJ66g0IM+4bbjwx45o2A==",
			"dev": true,
			"requires": {
				"@types/prop-types": "*",
				"@types/scheduler": "*",
				"csstype": "^3.0.2"
			}
		},
		"@types/scheduler": {
			"version": "0.16.2",
			"resolved": "https://registry.npmjs.org/@types/scheduler/-/scheduler-0.16.2.tgz",
			"integrity": "sha512-hppQEBDmlwhFAXKJX2KnWLYu5yMfi91yazPb2l+lbJiwW+wdo1gNeRA+3RgNSO39WYX2euey41KEwnqesU2Jew==",
			"dev": true
		},
		"axios": {
			"version": "0.26.1",
			"resolved": "https://registry.npmjs.org/axios/-/axios-0.26.1.tgz",
			"integrity": "sha512-fPwcX4EvnSHuInCMItEhAGnaSEXRBjtzh9fOtsE6E1G6p7vl7edEeZe11QHf18+6+9gR5PbKV/sGKNaD8YaMeA==",
			"requires": {
				"follow-redirects": "^1.14.8"
			}
		},
		"csstype": {
			"version": "3.0.11",
			"resolved": "https://registry.npmjs.org/csstype/-/csstype-3.0.11.tgz",
			"integrity": "sha512-sa6P2wJ+CAbgyy4KFssIb/JNMLxFvKF1pCYCSXS8ZMuqZnMsrxqI2E5sPyoTpxoPU/gVZMzr2zjOfg8GIZOMsw==",
			"dev": true
		},
		"follow-redirects": {
			"version": "1.14.9",
			"resolved": "https://registry.npmjs.org/follow-redirects/-/follow-redirects-1.14.9.tgz",
			"integrity": "sha512-MQDfihBQYMcyy5dhRDJUHcw7lb2Pv/TuE6xP1vyraLukNDHKbDxDNaOE3NbCAdKQApno+GPRyo1YAp89yCjK4w=="
		},
		"immediate": {
			"version": "3.0.6",
			"resolved": "https://registry.npmjs.org/immediate/-/immediate-3.0.6.tgz",
			"integrity": "sha1-nbHb0Pr43m++D13V5Wu2BigN5ps="
		},
		"js-tokens": {
			"version": "4.0.0",
			"resolved": "https://registry.npmjs.org/js-tokens/-/js-tokens-4.0.0.tgz",
			"integrity": "sha512-RdJUflcE3cUzKiMqQgsCu06FPu9UdIJO0beYbPhHN4k6apgJtifcoCtT9bcxOpYBtpD2kCM6Sbzg4CausW/PKQ==",
			"peer": true
		},
		"lie": {
			"version": "3.1.1",
			"resolved": "https://registry.npmjs.org/lie/-/lie-3.1.1.tgz",
			"integrity": "sha1-mkNrLMd0bKWd56QfpGmz77dr2H4=",
			"requires": {
				"immediate": "~3.0.5"
			}
		},
		"localforage": {
			"version": "1.10.0",
			"resolved": "https://registry.npmjs.org/localforage/-/localforage-1.10.0.tgz",
			"integrity": "sha512-14/H1aX7hzBBmmh7sGPd+AOMkkIrHM3Z1PAyGgZigA1H1p5O5ANnMyWzvpAETtG68/dC4pC0ncy3+PPGzXZHPg==",
			"requires": {
				"lie": "3.1.1"
			}
		},
		"loose-envify": {
			"version": "1.4.0",
			"resolved": "https://registry.npmjs.org/loose-envify/-/loose-envify-1.4.0.tgz",
			"integrity": "sha512-lyuxPGr/Wfhrlem2CL/UcnUc1zcqKAImBDzukY7Y5F/yQiNdko6+fRLevlw1HgMySw7f611UIY408EtxRSoK3Q==",
			"peer": true,
			"requires": {
				"js-tokens": "^3.0.0 || ^4.0.0"
			}
		},
		"object-assign": {
			"version": "4.1.1",
			"resolved": "https://registry.npmjs.org/object-assign/-/object-assign-4.1.1.tgz",
			"integrity": "sha1-IQmtx5ZYh8/AXLvUQsrIv7s2CGM=",
			"peer": true
		},
		"react": {
			"version": "17.0.2",
			"resolved": "https://registry.npmjs.org/react/-/react-17.0.2.tgz",
			"integrity": "sha512-gnhPt75i/dq/z3/6q/0asP78D0u592D5L1pd7M8P+dck6Fu/jJeL6iVVK23fptSUZj8Vjf++7wXA8UNclGQcbA==",
			"peer": true,
			"requires": {
				"loose-envify": "^1.1.0",
				"object-assign": "^4.1.1"
			}
		},
		"react-dom": {
			"version": "17.0.2",
			"resolved": "https://registry.npmjs.org/react-dom/-/react-dom-17.0.2.tgz",
			"integrity": "sha512-s4h96KtLDUQlsENhMn1ar8t2bEa+q/YAtj8pPPdIjPDGBDIVNsrD9aXNWqspUe6AzKCIG0C1HZZLqLV7qpOBGA==",
			"peer": true,
			"requires": {
				"loose-envify": "^1.1.0",
				"object-assign": "^4.1.1",
				"scheduler": "^0.20.2"
			}
		},
		"scheduler": {
			"version": "0.20.2",
			"resolved": "https://registry.npmjs.org/scheduler/-/scheduler-0.20.2.tgz",
			"integrity": "sha512-2eWfGgAqqWFGqtdMmcL5zCMK1U8KlXv8SQFGglL3CEtd0aDVDWgeF/YoCmvln55m5zSk3J/20hTaSBeSObsQDQ==",
			"peer": true,
			"requires": {
				"loose-envify": "^1.1.0",
				"object-assign": "^4.1.1"
			}
		},
		"typedoc-plugin-missing-exports": {
			"version": "0.22.6",
			"resolved": "https://registry.npmjs.org/typedoc-plugin-missing-exports/-/typedoc-plugin-missing-exports-0.22.6.tgz",
			"integrity": "sha512-1uguGQqa+c5f33nWS3v1mm0uAx4Ii1lw4Kx2zQksmYFKNEWTmrmMXbMNBoBg4wu0p4dFCNC7JIWPoRzpNS6pFA==",
			"requires": {}
		},
		"typescript": {
			"version": "4.6.3",
			"resolved": "https://registry.npmjs.org/typescript/-/typescript-4.6.3.tgz",
			"integrity": "sha512-yNIatDa5iaofVozS/uQJEl3JRWLKKGJKh6Yaiv0GLGSuhpFJe7P3SbHZ8/yjAHRQwKRoA6YZqlfjXWmVzoVSMw=="
		}
	}
}
